<?xml version="1.0" encoding="UTF-8"?>
<Scheme
   LastUpgradeVersion = "1430"
   wasCreatedForAppExtension = "YES"
   version = "2.0">
   <BuildAction
      parallelizeBuildables = "YES"
      buildImplicitDependencies = "YES">
      <BuildActionEntries>
         <BuildActionEntry
            buildForTesting = "YES"
            buildForRunning = "YES"
            buildForProfiling = "YES"
            buildForArchiving = "YES"
            buildForAnalyzing = "YES">
            <BuildableReference
               BuildableIdentifier = "primary"
               BlueprintIdentifier = "FCE352102A1CC48300D2C3E5"
               BuildableName = "CreditCenterNotificationServiseExtension.appex"
               BlueprintName = "CreditCenterNotificationServiseExtension"
               ReferencedContainer = "container:CreditCenter.xcodeproj">
            </BuildableReference>
         </BuildActionEntry>
         <BuildActionEntry
            buildForTesting = "YES"
            buildForRunning = "YES"
            buildForProfiling = "YES"
            buildForArchiving = "YES"
            buildForAnalyzing = "YES">
            <BuildableReference
               BuildableIdentifier = "primary"
               BlueprintIdentifier = "FCE8D8F62A0D14D00085D4BD"
               BuildableName = "CreditCenter.app"
               BlueprintName = "CreditCenter"
               ReferencedContainer = "container:CreditCenter.xcodeproj">
            </BuildableReference>
         </BuildActionEntry>
      </BuildActionEntries>
   </BuildAction>
   <TestAction
      buildConfiguration = "Debug"
      selectedDebuggerIdentifier = "Xcode.DebuggerFoundation.Debugger.LLDB"
      selectedLauncherIdentifier = "Xcode.DebuggerFoundation.Launcher.LLDB"
      shouldUseLaunchSchemeArgsEnv = "YES"
      shouldAutocreateTestPlan = "YES">
   </TestAction>
   <LaunchAction
      buildConfiguration = "Debug"
      selectedDebuggerIdentifier = ""
      selectedLauncherIdentifier = "Xcode.IDEFoundation.Launcher.PosixSpawn"
      launchStyle = "0"
      askForAppToLaunch = "Yes"
      useCustomWorkingDirectory = "NO"
      ignoresPersistentStateOnLaunch = "NO"
      debugDocumentVersioning = "YES"
      debugServiceExtension = "internal"
      allowLocationSimulation = "YES"
      launchAutomaticallySubstyle = "2">
      <RemoteRunnable
         runnableDebuggingMode = "1"
         BundleIdentifier = "com.onsmart.CreditCenter"
         RemotePath = "/Users/nikitastshovsky/Library/Developer/CoreSimulator/Devices/96F583AB-F63D-4E88-95B4-F4F4417447E2/data/Containers/Bundle/Application/AB893858-B0B4-4436-A979-E986893FE294/CreditCenter.app">
      </RemoteRunnable>
      <MacroExpansion>
         <BuildableReference
            BuildableIdentifier = "primary"
            BlueprintIdentifier = "FCE8D8F62A0D14D00085D4BD"
            BuildableName = "CreditCenter.app"
            BlueprintName = "CreditCenter"
            ReferencedContainer = "container:CreditCenter.xcodeproj">
         </BuildableReference>
      </MacroExpansion>
   </LaunchAction>
   <ProfileAction
      buildConfiguration = "Release"
      shouldUseLaunchSchemeArgsEnv = "YES"
      savedToolIdentifier = ""
      useCustomWorkingDirectory = "NO"
      debugDocumentVersioning = "YES"
      askForAppToLaunch = "Yes"
      launchAutomaticallySubstyle = "2">
      <BuildableProductRunnable
         runnableDebuggingMode = "0">
         <BuildableReference
            BuildableIdentifier = "primary"
            BlueprintIdentifier = "FCE8D8F62A0D14D00085D4BD"
            BuildableName = "CreditCenter.app"
            BlueprintName = "CreditCenter"
            ReferencedContainer = "container:CreditCenter.xcodeproj">
         </BuildableReference>
      </BuildableProductRunnable>
   </ProfileAction>
   <AnalyzeAction
      buildConfiguration = "Debug">
   </AnalyzeAction>
   <ArchiveAction
      buildConfiguration = "Release"
      revealArchiveInOrganizer = "YES">
   </ArchiveAction>
</Scheme>
